
Microsoft Visual Studio Solution File, Format Version 12.00
# Visual Studio Version 16
VisualStudioVersion = 16.0.29728.190
MinimumVisualStudioVersion = 10.0.40219.1
Project("{FAE04EC0-301F-11D3-BF4B-00C04F79EFBC}") = "proyecto_api.UWP", "proyecto_api\proyecto_api.UWP\proyecto_api.UWP.csproj", "{459F4834-4AF7-40F2-B421-8FF7506D9C82}"
EndProject
Project("{FAE04EC0-301F-11D3-BF4B-00C04F79EFBC}") = "proyecto_api.Android", "proyecto_api\proyecto_api.Android\proyecto_api.Android.csproj", "{48D654A8-766A-4BF8-B101-F4068502C51F}"
EndProject
Project("{FAE04EC0-301F-11D3-BF4B-00C04F79EFBC}") = "proyecto_api.iOS", "proyecto_api\proyecto_api.iOS\proyecto_api.iOS.csproj", "{620AB099-C3B1-48B6-B11A-F155E2F56524}"
EndProject
Project("{FAE04EC0-301F-11D3-BF4B-00C04F79EFBC}") = "proyecto_api", "proyecto_api\proyecto_api\proyecto_api.csproj", "{8FA28088-9023-49E0-8464-E8303D608AB2}"
EndProject
Global
	GlobalSection(SolutionConfigurationPlatforms) = preSolution
		Debug|Any CPU = Debug|Any CPU
		Debug|ARM = Debug|ARM
		Debug|iPhone = Debug|iPhone
		Debug|iPhoneSimulator = Debug|iPhoneSimulator
		Debug|x64 = Debug|x64
		Debug|x86 = Debug|x86
		Release|Any CPU = Release|Any CPU
		Release|ARM = Release|ARM
		Release|iPhone = Release|iPhone
		Release|iPhoneSimulator = Release|iPhoneSimulator
		Release|x64 = Release|x64
		Release|x86 = Release|x86
	EndGlobalSection
	GlobalSection(ProjectConfigurationPlatforms) = postSolution
		{459F4834-4AF7-40F2-B421-8FF7506D9C82}.Debug|Any CPU.ActiveCfg = Debug|x86
		{459F4834-4AF7-40F2-B421-8FF7506D9C82}.Debug|Any CPU.Build.0 = Debug|x86
		{459F4834-4AF7-40F2-B421-8FF7506D9C82}.Debug|Any CPU.Deploy.0 = Debug|x86
		{459F4834-4AF7-40F2-B421-8FF7506D9C82}.Debug|ARM.ActiveCfg = Debug|ARM
		{459F4834-4AF7-40F2-B421-8FF7506D9C82}.Debug|ARM.Build.0 = Debug|ARM
		{459F4834-4AF7-40F2-B421-8FF7506D9C82}.Debug|ARM.Deploy.0 = Debug|ARM
		{459F4834-4AF7-40F2-B421-8FF7506D9C82}.Debug|iPhone.ActiveCfg = Debug|x86
		{459F4834-4AF7-40F2-B421-8FF7506D9C82}.Debug|iPhone.Build.0 = Debug|x86
		{459F4834-4AF7-40F2-B421-8FF7506D9C82}.Debug|iPhone.Deploy.0 = Debug|x86
		{459F4834-4AF7-40F2-B421-8FF7506D9C82}.Debug|iPhoneSimulator.ActiveCfg = Debug|x86
		{459F4834-4AF7-40F2-B421-8FF7506D9C82}.Debug|iPhoneSimulator.Build.0 = Debug|x86
		{459F4834-4AF7-40F2-B421-8FF7506D9C82}.Debug|iPhoneSimulator.Deploy.0 = Debug|x86
		{459F4834-4AF7-40F2-B421-8FF7506D9C82}.Debug|x64.ActiveCfg = Debug|x64
		{459F4834-4AF7-40F2-B421-8FF7506D9C82}.Debug|x64.Build.0 = Debug|x64
		{459F4834-4AF7-40F2-B421-8FF7506D9C82}.Debug|x64.Deploy.0 = Debug|x64
		{459F4834-4AF7-40F2-B421-8FF7506D9C82}.Debug|x86.ActiveCfg = Debug|x86
		{459F4834-4AF7-40F2-B421-8FF7506D9C82}.Debug|x86.Build.0 = Debug|x86
		{459F4834-4AF7-40F2-B421-8FF7506D9C82}.Debug|x86.Deploy.0 = Debug|x86
		{459F4834-4AF7-40F2-B421-8FF7506D9C82}.Release|Any CPU.ActiveCfg = Release|x86
		{459F4834-4AF7-40F2-B421-8FF7506D9C82}.Release|Any CPU.Build.0 = Release|x86
		{459F4834-4AF7-40F2-B421-8FF7506D9C82}.Release|Any CPU.Deploy.0 = Release|x86
		{459F4834-4AF7-40F2-B421-8FF7506D9C82}.Release|ARM.ActiveCfg = Release|ARM
		{459F4834-4AF7-40F2-B421-8FF7506D9C82}.Release|ARM.Build.0 = Release|ARM
		{459F4834-4AF7-40F2-B421-8FF7506D9C82}.Release|ARM.Deploy.0 = Release|ARM
		{459F4834-4AF7-40F2-B421-8FF7506D9C82}.Release|iPhone.ActiveCfg = Release|x86
		{459F4834-4AF7-40F2-B421-8FF7506D9C82}.Release|iPhone.Build.0 = Release|x86
		{459F4834-4AF7-40F2-B421-8FF7506D9C82}.Release|iPhone.Deploy.0 = Release|x86
		{459F4834-4AF7-40F2-B421-8FF7506D9C82}.Release|iPhoneSimulator.ActiveCfg = Release|x86
		{459F4834-4AF7-40F2-B421-8FF7506D9C82}.Release|iPhoneSimulator.Build.0 = Release|x86
		{459F4834-4AF7-40F2-B421-8FF7506D9C82}.Release|iPhoneSimulator.Deploy.0 = Release|x86
		{459F4834-4AF7-40F2-B421-8FF7506D9C82}.Release|x64.ActiveCfg = Release|x64
		{459F4834-4AF7-40F2-B421-8FF7506D9C82}.Release|x64.Build.0 = Release|x64
		{459F4834-4AF7-40F2-B421-8FF7506D9C82}.Release|x64.Deploy.0 = Release|x64
		{459F4834-4AF7-40F2-B421-8FF7506D9C82}.Release|x86.ActiveCfg = Release|x86
		{459F4834-4AF7-40F2-B421-8FF7506D9C82}.Release|x86.Build.0 = Release|x86
		{459F4834-4AF7-40F2-B421-8FF7506D9C82}.Release|x86.Deploy.0 = Release|x86
		{48D654A8-766A-4BF8-B101-F4068502C51F}.Debug|Any CPU.ActiveCfg = Debug|Any CPU
		{48D654A8-766A-4BF8-B101-F4068502C51F}.Debug|Any CPU.Build.0 = Debug|Any CPU
		{48D654A8-766A-4BF8-B101-F4068502C51F}.Debug|Any CPU.Deploy.0 = Debug|Any CPU
		{48D654A8-766A-4BF8-B101-F4068502C51F}.Debug|ARM.ActiveCfg = Debug|Any CPU
		{48D654A8-766A-4BF8-B101-F4068502C51F}.Debug|ARM.Build.0 = Debug|Any CPU
		{48D654A8-766A-4BF8-B101-F4068502C51F}.Debug|ARM.Deploy.0 = Debug|Any CPU
		{48D654A8-766A-4BF8-B101-F4068502C51F}.Debug|iPhone.ActiveCfg = Debug|Any CPU
		{48D654A8-766A-4BF8-B101-F4068502C51F}.Debug|iPhone.Build.0 = Debug|Any CPU
		{48D654A8-766A-4BF8-B101-F4068502C51F}.Debug|iPhone.Deploy.0 = Debug|Any CPU
		{48D654A8-766A-4BF8-B101-F4068502C51F}.Debug|iPhoneSimulator.ActiveCfg = Debug|Any CPU
		{48D654A8-766A-4BF8-B101-F4068502C51F}.Debug|iPhoneSimulator.Build.0 = Debug|Any CPU
		{48D654A8-766A-4BF8-B101-F4068502C51F}.Debug|iPhoneSimulator.Deploy.0 = Debug|Any CPU
		{48D654A8-766A-4BF8-B101-F4068502C51F}.Debug|x64.ActiveCfg = Debug|Any CPU
		{48D654A8-766A-4BF8-B101-F4068502C51F}.Debug|x64.Build.0 = Debug|Any CPU
		{48D654A8-766A-4BF8-B101-F4068502C51F}.Debug|x64.Deploy.0 = Debug|Any CPU
		{48D654A8-766A-4BF8-B101-F4068502C51F}.Debug|x86.ActiveCfg = Debug|Any CPU
		{48D654A8-766A-4BF8-B101-F4068502C51F}.Debug|x86.Build.0 = Debug|Any CPU
		{48D654A8-766A-4BF8-B101-F4068502C51F}.Debug|x86.Deploy.0 = Debug|Any CPU
		{48D654A8-766A-4BF8-B101-F4068502C51F}.Release|Any CPU.ActiveCfg = Release|Any CPU
		{48D654A8-766A-4BF8-B101-F4068502C51F}.Release|Any CPU.Build.0 = Release|Any CPU
		{48D654A8-766A-4BF8-B101-F4068502C51F}.Release|Any CPU.Deploy.0 = Release|Any CPU
		{48D654A8-766A-4BF8-B101-F4068502C51F}.Release|ARM.ActiveCfg = Release|Any CPU
		{48D654A8-766A-4BF8-B101-F4068502C51F}.Release|ARM.Build.0 = Release|Any CPU
		{48D654A8-766A-4BF8-B101-F4068502C51F}.Release|ARM.Deploy.0 = Release|Any CPU
		{48D654A8-766A-4BF8-B101-F4068502C51F}.Release|iPhone.ActiveCfg = Release|Any CPU
		{48D654A8-766A-4BF8-B101-F4068502C51F}.Release|iPhone.Build.0 = Release|Any CPU
		{48D654A8-766A-4BF8-B101-F4068502C51F}.Release|iPhone.Deploy.0 = Release|Any CPU
		{48D654A8-766A-4BF8-B101-F4068502C51F}.Release|iPhoneSimulator.ActiveCfg = Release|Any CPU
		{48D654A8-766A-4BF8-B101-F4068502C51F}.Release|iPhoneSimulator.Build.0 = Release|Any CPU
		{48D654A8-766A-4BF8-B101-F4068502C51F}.Release|iPhoneSimulator.Deploy.0 = Release|Any CPU
		{48D654A8-766A-4BF8-B101-F4068502C51F}.Release|x64.ActiveCfg = Release|Any CPU
		{48D654A8-766A-4BF8-B101-F4068502C51F}.Release|x64.Build.0 = Release|Any CPU
		{48D654A8-766A-4BF8-B101-F4068502C51F}.Release|x64.Deploy.0 = Release|Any CPU
		{48D654A8-766A-4BF8-B101-F4068502C51F}.Release|x86.ActiveCfg = Release|Any CPU
		{48D654A8-766A-4BF8-B101-F4068502C51F}.Release|x86.Build.0 = Release|Any CPU
		{48D654A8-766A-4BF8-B101-F4068502C51F}.Release|x86.Deploy.0 = Release|Any CPU
		{620AB099-C3B1-48B6-B11A-F155E2F56524}.Debug|Any CPU.ActiveCfg = Debug|iPhone
		{620AB099-C3B1-48B6-B11A-F155E2F56524}.Debug|Any CPU.Build.0 = Debug|iPhone
		{620AB099-C3B1-48B6-B11A-F155E2F56524}.Debug|Any CPU.Deploy.0 = Debug|iPhone
		{620AB099-C3B1-48B6-B11A-F155E2F56524}.Debug|ARM.ActiveCfg = Debug|iPhoneSimulator
		{620AB099-C3B1-48B6-B11A-F155E2F56524}.Debug|ARM.Build.0 = Debug|iPhoneSimulator
		{620AB099-C3B1-48B6-B11A-F155E2F56524}.Debug|ARM.Deploy.0 = Debug|iPhoneSimulator
		{620AB099-C3B1-48B6-B11A-F155E2F56524}.Debug|iPhone.ActiveCfg = Debug|iPhone
		{620AB099-C3B1-48B6-B11A-F155E2F56524}.Debug|iPhone.Build.0 = Debug|iPhone
		{620AB099-C3B1-48B6-B11A-F155E2F56524}.Debug|iPhone.Deploy.0 = Debug|iPhone
		{620AB099-C3B1-48B6-B11A-F155E2F56524}.Debug|iPhoneSimulator.ActiveCfg = Debug|iPhoneSimulator
		{620AB099-C3B1-48B6-B11A-F155E2F56524}.Debug|iPhoneSimulator.Build.0 = Debug|iPhoneSimulator
		{620AB099-C3B1-48B6-B11A-F155E2F56524}.Debug|iPhoneSimulator.Deploy.0 = Debug|iPhoneSimulator
		{620AB099-C3B1-48B6-B11A-F155E2F56524}.Debug|x64.ActiveCfg = Debug|iPhone
		{620AB099-C3B1-48B6-B11A-F155E2F56524}.Debug|x64.Build.0 = Debug|iPhone
		{620AB099-C3B1-48B6-B11A-F155E2F56524}.Debug|x64.Deploy.0 = Debug|iPhone
		{620AB099-C3B1-48B6-B11A-F155E2F56524}.Debug|x86.ActiveCfg = Debug|iPhone
		{620AB099-C3B1-48B6-B11A-F155E2F56524}.Debug|x86.Build.0 = Debug|iPhone
		{620AB099-C3B1-48B6-B11A-F155E2F56524}.Debug|x86.Deploy.0 = Debug|iPhone
		{620AB099-C3B1-48B6-B11A-F155E2F56524}.Release|Any CPU.ActiveCfg = Release|iPhone
		{620AB099-C3B1-48B6-B11A-F155E2F56524}.Release|Any CPU.Build.0 = Release|iPhone
		{620AB099-C3B1-48B6-B11A-F155E2F56524}.Release|Any CPU.Deploy.0 = Release|iPhone
		{620AB099-C3B1-48B6-B11A-F155E2F56524}.Release|ARM.ActiveCfg = Release|iPhone
		{620AB099-C3B1-48B6-B11A-F155E2F56524}.Release|ARM.Build.0 = Release|iPhone
		{620AB099-C3B1-48B6-B11A-F155E2F56524}.Release|ARM.Deploy.0 = Release|iPhone
		{620AB099-C3B1-48B6-B11A-F155E2F56524}.Release|iPhone.ActiveCfg = Release|iPhone
		{620AB099-C3B1-48B6-B11A-F155E2F56524}.Release|iPhone.Build.0 = Release|iPhone
		{620AB099-C3B1-48B6-B11A-F155E2F56524}.Release|iPhone.Deploy.0 = Release|iPhone
		{620AB099-C3B1-48B6-B11A-F155E2F56524}.Release|iPhoneSimulator.ActiveCfg = Release|iPhoneSimulator
		{620AB099-C3B1-48B6-B11A-F155E2F56524}.Release|iPhoneSimulator.Build.0 = Release|iPhoneSimulator
		{620AB099-C3B1-48B6-B11A-F155E2F56524}.Release|iPhoneSimulator.Deploy.0 = Release|iPhoneSimulator
		{620AB099-C3B1-48B6-B11A-F155E2F56524}.Release|x64.ActiveCfg = Release|iPhone
		{620AB099-C3B1-48B6-B11A-F155E2F56524}.Release|x64.Build.0 = Release|iPhone
		{620AB099-C3B1-48B6-B11A-F155E2F56524}.Release|x64.Deploy.0 = Release|iPhone
		{620AB099-C3B1-48B6-B11A-F155E2F56524}.Release|x86.ActiveCfg = Release|iPhone
		{620AB099-C3B1-48B6-B11A-F155E2F56524}.Release|x86.Build.0 = Release|iPhone
		{620AB099-C3B1-48B6-B11A-F155E2F56524}.Release|x86.Deploy.0 = Release|iPhone
		{8FA28088-9023-49E0-8464-E8303D608AB2}.Debug|Any CPU.ActiveCfg = Debug|Any CPU
		{8FA28088-9023-49E0-8464-E8303D608AB2}.Debug|Any CPU.Build.0 = Debug|Any CPU
		{8FA28088-9023-49E0-8464-E8303D608AB2}.Debug|Any CPU.Deploy.0 = Debug|Any CPU
		{8FA28088-9023-49E0-8464-E8303D608AB2}.Debug|ARM.ActiveCfg = Debug|Any CPU
		{8FA28088-9023-49E0-8464-E8303D608AB2}.Debug|ARM.Build.0 = Debug|Any CPU
		{8FA28088-9023-49E0-8464-E8303D608AB2}.Debug|ARM.Deploy.0 = Debug|Any CPU
		{8FA28088-9023-49E0-8464-E8303D608AB2}.Debug|iPhone.ActiveCfg = Debug|Any CPU
		{8FA28088-9023-49E0-8464-E8303D608AB2}.Debug|iPhone.Build.0 = Debug|Any CPU
		{8FA28088-9023-49E0-8464-E8303D608AB2}.Debug|iPhone.Deploy.0 = Debug|Any CPU
		{8FA28088-9023-49E0-8464-E8303D608AB2}.Debug|iPhoneSimulator.ActiveCfg = Debug|Any CPU
		{8FA28088-9023-49E0-8464-E8303D608AB2}.Debug|iPhoneSimulator.Build.0 = Debug|Any CPU
		{8FA28088-9023-49E0-8464-E8303D608AB2}.Debug|iPhoneSimulator.Deploy.0 = Debug|Any CPU
		{8FA28088-9023-49E0-8464-E8303D608AB2}.Debug|x64.ActiveCfg = Debug|Any CPU
		{8FA28088-9023-49E0-8464-E8303D608AB2}.Debug|x64.Build.0 = Debug|Any CPU
		{8FA28088-9023-49E0-8464-E8303D608AB2}.Debug|x64.Deploy.0 = Debug|Any CPU
		{8FA28088-9023-49E0-8464-E8303D608AB2}.Debug|x86.ActiveCfg = Debug|Any CPU
		{8FA28088-9023-49E0-8464-E8303D608AB2}.Debug|x86.Build.0 = Debug|Any CPU
		{8FA28088-9023-49E0-8464-E8303D608AB2}.Debug|x86.Deploy.0 = Debug|Any CPU
		{8FA28088-9023-49E0-8464-E8303D608AB2}.Release|Any CPU.ActiveCfg = Release|Any CPU
		{8FA28088-9023-49E0-8464-E8303D608AB2}.Release|Any CPU.Build.0 = Release|Any CPU
		{8FA28088-9023-49E0-8464-E8303D608AB2}.Release|Any CPU.Deploy.0 = Release|Any CPU
		{8FA28088-9023-49E0-8464-E8303D608AB2}.Release|ARM.ActiveCfg = Release|Any CPU
		{8FA28088-9023-49E0-8464-E8303D608AB2}.Release|ARM.Build.0 = Release|Any CPU
		{8FA28088-9023-49E0-8464-E8303D608AB2}.Release|ARM.Deploy.0 = Release|Any CPU
		{8FA28088-9023-49E0-8464-E8303D608AB2}.Release|iPhone.ActiveCfg = Release|Any CPU
		{8FA28088-9023-49E0-8464-E8303D608AB2}.Release|iPhone.Build.0 = Release|Any CPU
		{8FA28088-9023-49E0-8464-E8303D608AB2}.Release|iPhone.Deploy.0 = Release|Any CPU
		{8FA28088-9023-49E0-8464-E8303D608AB2}.Release|iPhoneSimulator.ActiveCfg = Release|Any CPU
		{8FA28088-9023-49E0-8464-E8303D608AB2}.Release|iPhoneSimulator.Build.0 = Release|Any CPU
		{8FA28088-9023-49E0-8464-E8303D608AB2}.Release|iPhoneSimulator.Deploy.0 = Release|Any CPU
		{8FA28088-9023-49E0-8464-E8303D608AB2}.Release|x64.ActiveCfg = Release|Any CPU
		{8FA28088-9023-49E0-8464-E8303D608AB2}.Release|x64.Build.0 = Release|Any CPU
		{8FA28088-9023-49E0-8464-E8303D608AB2}.Release|x64.Deploy.0 = Release|Any CPU
		{8FA28088-9023-49E0-8464-E8303D608AB2}.Release|x86.ActiveCfg = Release|Any CPU
		{8FA28088-9023-49E0-8464-E8303D608AB2}.Release|x86.Build.0 = Release|Any CPU
		{8FA28088-9023-49E0-8464-E8303D608AB2}.Release|x86.Deploy.0 = Release|Any CPU
	EndGlobalSection
	GlobalSection(SolutionProperties) = preSolution
		HideSolutionNode = FALSE
	EndGlobalSection
	GlobalSection(ExtensibilityGlobals) = postSolution
		SolutionGuid = {D40270E4-1CDC-4666-9E6E-6953ABF87ED1}
	EndGlobalSection
EndGlobal
